
Microsoft Visual Studio Solution File, Format Version 12.00
# Visual Studio Version 17
VisualStudioVersion = 17.11.35312.102
MinimumVisualStudioVersion = 10.0.40219.1
Project("{9A19103F-16F7-4668-BE54-9A1E7A4F7556}") = "IVP_CS", "IVP_CS\IVP_CS.csproj", "{A5E6E2FE-FFBA-45EA-A2BC-47241EDA0ED5}"
EndProject
Project("{FAE04EC0-301F-11D3-BF4B-00C04F79EFBC}") = "CS_Console", "CS_Console\CS_Console.csproj", "{790903E2-720E-4CB4-90F5-3F1105FF309E}"
EndProject
Global
	GlobalSection(SolutionConfigurationPlatforms) = preSolution
		Debug|Any CPU = Debug|Any CPU
		Release|Any CPU = Release|Any CPU
	EndGlobalSection
	GlobalSection(ProjectConfigurationPlatforms) = postSolution
		{A5E6E2FE-FFBA-45EA-A2BC-47241EDA0ED5}.Debug|Any CPU.ActiveCfg = Debug|Any CPU
		{A5E6E2FE-FFBA-45EA-A2BC-47241EDA0ED5}.Debug|Any CPU.Build.0 = Debug|Any CPU
		{A5E6E2FE-FFBA-45EA-A2BC-47241EDA0ED5}.Release|Any CPU.ActiveCfg = Release|Any CPU
		{A5E6E2FE-FFBA-45EA-A2BC-47241EDA0ED5}.Release|Any CPU.Build.0 = Release|Any CPU
		{790903E2-720E-4CB4-90F5-3F1105FF309E}.Debug|Any CPU.ActiveCfg = Debug|Any CPU
		{790903E2-720E-4CB4-90F5-3F1105FF309E}.Debug|Any CPU.Build.0 = Debug|Any CPU
		{790903E2-720E-4CB4-90F5-3F1105FF309E}.Release|Any CPU.ActiveCfg = Release|Any CPU
		{790903E2-720E-4CB4-90F5-3F1105FF309E}.Release|Any CPU.Build.0 = Release|Any CPU
	EndGlobalSection
	GlobalSection(SolutionProperties) = preSolution
		HideSolutionNode = FALSE
	EndGlobalSection
	GlobalSection(ExtensibilityGlobals) = postSolution
		SolutionGuid = {73C49411-72C1-4F34-9C3F-D090EEA36368}
	EndGlobalSection
EndGlobal
